# This file is automatically @generated by Poetry 1.5.1 and should not be changed by hand.

[[package]]
name = "sitemap-generator"
version = "0.9.10"
description = "web crawler and sitemap generator."
optional = false
python-versions = "*"
files = []
develop = false

[package.source]
type = "git"
url = "https://github.com/Haikson/sitemap-generator.git"
reference = "HEAD"
resolved_reference = "ad8a1e74a28080be73ce8e985b82011588363d6d"

[metadata]
lock-version = "2.0"
python-versions = "^3.11"
content-hash = "4718e118e43abba02a6809af76396a94f2d1557bf2bb45b3fa5a95ef3498270d"
